// !$*UTF8*$!
{
	archiveVersion = 1;
	classes = {
	};
	objectVersion = 46;
	objects = {

/* Begin PBXBuildFile section */
		9007895A19B34F610073A1A9 /* AppDelegate.swift in Sources */ = {isa = PBXBuildFile; fileRef = 9007895919B34F610073A1A9 /* AppDelegate.swift */; };
		9007895C19B34F610073A1A9 /* ViewController.swift in Sources */ = {isa = PBXBuildFile; fileRef = 9007895B19B34F610073A1A9 /* ViewController.swift */; };
		9007895F19B34F610073A1A9 /* Main.storyboard in Resources */ = {isa = PBXBuildFile; fileRef = 9007895D19B34F610073A1A9 /* Main.storyboard */; };
		9007896119B34F610073A1A9 /* Images.xcassets in Resources */ = {isa = PBXBuildFile; fileRef = 9007896019B34F610073A1A9 /* Images.xcassets */; };
		9007896D19B34F610073A1A9 /* AccessControlBspTests.swift in Sources */ = {isa = PBXBuildFile; fileRef = 9007896C19B34F610073A1A9 /* AccessControlBspTests.swift */; };
		9007897919B350320073A1A9 /* Konto.swift in Sources */ = {isa = PBXBuildFile; fileRef = 9007897819B350320073A1A9 /* Konto.swift */; };
/* End PBXBuildFile section */

/* Begin PBXContainerItemProxy section */
		9007896719B34F610073A1A9 /* PBXContainerItemProxy */ = {
			isa = PBXContainerItemProxy;
			containerPortal = 9007894C19B34F610073A1A9 /* Project object */;
			proxyType = 1;
			remoteGlobalIDString = 9007895319B34F610073A1A9;
			remoteInfo = AccessControlBsp;
		};
/* End PBXContainerItemProxy section */

/* Begin PBXFileReference section */
		9007895419B34F610073A1A9 /* AccessControlBsp.app */ = {isa = PBXFileReference; explicitFileType = wrapper.application; includeInIndex = 0; path = AccessControlBsp.app; sourceTree = BUILT_PRODUCTS_DIR; };
		9007895819B34F610073A1A9 /* Info.plist */ = {isa = PBXFileReference; lastKnownFileType = text.plist.xml; path = Info.plist; sourceTree = "<group>"; };
		9007895919B34F610073A1A9 /* AppDelegate.swift */ = {isa = PBXFileReference; lastKnownFileType = sourcecode.swift; path = AppDelegate.swift; sourceTree = "<group>"; };
		9007895B19B34F610073A1A9 /* ViewController.swift */ = {isa = PBXFileReference; lastKnownFileType = sourcecode.swift; path = ViewController.swift; sourceTree = "<group>"; };
		9007895E19B34F610073A1A9 /* Base */ = {isa = PBXFileReference; lastKnownFileType = file.storyboard; name = Base; path = Base.lproj/Main.storyboard; sourceTree = "<group>"; };
		9007896019B34F610073A1A9 /* Images.xcassets */ = {isa = PBXFileReference; lastKnownFileType = folder.assetcatalog; path = Images.xcassets; sourceTree = "<group>"; };
		9007896619B34F610073A1A9 /* AccessControlBspTests.xctest */ = {isa = PBXFileReference; explicitFileType = wrapper.cfbundle; includeInIndex = 0; path = AccessControlBspTests.xctest; sourceTree = BUILT_PRODUCTS_DIR; };
		9007896B19B34F610073A1A9 /* Info.plist */ = {isa = PBXFileReference; lastKnownFileType = text.plist.xml; path = Info.plist; sourceTree = "<group>"; };
		9007896C19B34F610073A1A9 /* AccessControlBspTests.swift */ = {isa = PBXFileReference; lastKnownFileType = sourcecode.swift; path = AccessControlBspTests.swift; sourceTree = "<group>"; };
		9007897819B350320073A1A9 /* Konto.swift */ = {isa = PBXFileReference; fileEncoding = 4; lastKnownFileType = sourcecode.swift; path = Konto.swift; sourceTree = "<group>"; };
/* End PBXFileReference section */

/* Begin PBXFrameworksBuildPhase section */
		9007895119B34F610073A1A9 /* Frameworks */ = {
			isa = PBXFrameworksBuildPhase;
			buildActionMask = 2147483647;
			files = (
			);
			runOnlyForDeploymentPostprocessing = 0;
		};
		9007896319B34F610073A1A9 /* Frameworks */ = {
			isa = PBXFrameworksBuildPhase;
			buildActionMask = 2147483647;
			files = (
			);
			runOnlyForDeploymentPostprocessing = 0;
		};
/* End PBXFrameworksBuildPhase section */

/* Begin PBXGroup section */
		9007894B19B34F610073A1A9 = {
			isa = PBXGroup;
			children = (
				9007895619B34F610073A1A9 /* AccessControlBsp */,
				9007896919B34F610073A1A9 /* AccessControlBspTests */,
				9007895519B34F610073A1A9 /* Products */,
			);
			sourceTree = "<group>";
		};
		9007895519B34F610073A1A9 /* Products */ = {
			isa = PBXGroup;
			children = (
				9007895419B34F610073A1A9 /* AccessControlBsp.app */,
				9007896619B34F610073A1A9 /* AccessControlBspTests.xctest */,
			);
			name = Products;
			sourceTree = "<group>";
		};
		9007895619B34F610073A1A9 /* AccessControlBsp */ = {
			isa = PBXGroup;
			children = (
				9007895919B34F610073A1A9 /* AppDelegate.swift */,
				9007895B19B34F610073A1A9 /* ViewController.swift */,
				9007897819B350320073A1A9 /* Konto.swift */,
				9007895D19B34F610073A1A9 /* Main.storyboard */,
				9007896019B34F610073A1A9 /* Images.xcassets */,
				9007895719B34F610073A1A9 /* Supporting Files */,
			);
			path = AccessControlBsp;
			sourceTree = "<group>";
		};
		9007895719B34F610073A1A9 /* Supporting Files */ = {
			isa = PBXGroup;
			children = (
				9007895819B34F610073A1A9 /* Info.plist */,
			);
			name = "Supporting Files";
			sourceTree = "<group>";
		};
		9007896919B34F610073A1A9 /* AccessControlBspTests */ = {
			isa = PBXGroup;
			children = (
				9007896C19B34F610073A1A9 /* AccessControlBspTests.swift */,
				9007896A19B34F610073A1A9 /* Supporting Files */,
			);
			path = AccessControlBspTests;
			sourceTree = "<group>";
		};
		9007896A19B34F610073A1A9 /* Supporting Files */ = {
			isa = PBXGroup;
			children = (
				9007896B19B34F610073A1A9 /* Info.plist */,
			);
			name = "Supporting Files";
			sourceTree = "<group>";
		};
/* End PBXGroup section */

/* Begin PBXNativeTarget section */
		9007895319B34F610073A1A9 /* AccessControlBsp */ = {
			isa = PBXNativeTarget;
			buildConfigurationList = 9007897019B34F610073A1A9 /* Build configuration list for PBXNativeTarget "AccessControlBsp" */;
			buildPhases = (
				9007895019B34F610073A1A9 /* Sources */,
				9007895119B34F610073A1A9 /* Frameworks */,
				9007895219B34F610073A1A9 /* Resources */,
			);
			buildRules = (
			);
			dependencies = (
			);
			name = AccessControlBsp;
			productName = AccessControlBsp;
			productReference = 9007895419B34F610073A1A9 /* AccessControlBsp.app */;
			productType = "com.apple.product-type.application";
		};
		9007896519B34F610073A1A9 /* AccessControlBspTests */ = {
			isa = PBXNativeTarget;
			buildConfigurationList = 9007897319B34F610073A1A9 /* Build configuration list for PBXNativeTarget "AccessControlBspTests" */;
			buildPhases = (
				9007896219B34F610073A1A9 /* Sources */,
				9007896319B34F610073A1A9 /* Frameworks */,
				9007896419B34F610073A1A9 /* Resources */,
			);
			buildRules = (
			);
			dependencies = (
				9007896819B34F610073A1A9 /* PBXTargetDependency */,
			);
			name = AccessControlBspTests;
			productName = AccessControlBspTests;
			productReference = 9007896619B34F610073A1A9 /* AccessControlBspTests.xctest */;
			productType = "com.apple.product-type.bundle.unit-test";
		};
/* End PBXNativeTarget section */

/* Begin PBXProject section */
		9007894C19B34F610073A1A9 /* Project object */ = {
			isa = PBXProject;
			attributes = {
				LastSwiftUpdateCheck = 0700;
				LastUpgradeCheck = 0800;
				ORGANIZATIONNAME = "Christian Bleske";
				TargetAttributes = {
					9007895319B34F610073A1A9 = {
						CreatedOnToolsVersion = 6.0;
						LastSwiftMigration = 0800;
					};
					9007896519B34F610073A1A9 = {
						CreatedOnToolsVersion = 6.0;
						LastSwiftMigration = 0800;
						TestTargetID = 9007895319B34F610073A1A9;
					};
				};
			};
			buildConfigurationList = 9007894F19B34F610073A1A9 /* Build configuration list for PBXProject "AccessControlBsp" */;
			compatibilityVersion = "Xcode 3.2";
			developmentRegion = English;
			hasScannedForEncodings = 0;
			knownRegions = (
				en,
				Base,
			);
			mainGroup = 9007894B19B34F610073A1A9;
			productRefGroup = 9007895519B34F610073A1A9 /* Products */;
			projectDirPath = "";
			projectRoot = "";
			targets = (
				9007895319B34F610073A1A9 /* AccessControlBsp */,
				9007896519B34F610073A1A9 /* AccessControlBspTests */,
			);
		};
/* End PBXProject section */

/* Begin PBXResourcesBuildPhase section */
		9007895219B34F610073A1A9 /* Resources */ = {
			isa = PBXResourcesBuildPhase;
			buildActionMask = 2147483647;
			files = (
				9007895F19B34F610073A1A9 /* Main.storyboard in Resources */,
				9007896119B34F610073A1A9 /* Images.xcassets in Resources */,
			);
			runOnlyForDeploymentPostprocessing = 0;
		};
		9007896419B34F610073A1A9 /* Resources */ = {
			isa = PBXResourcesBuildPhase;
			buildActionMask = 2147483647;
			files = (
			);
			runOnlyForDeploymentPostprocessing = 0;
		};
/* End PBXResourcesBuildPhase section */

/* Begin PBXSourcesBuildPhase section */
		9007895019B34F610073A1A9 /* Sources */ = {
			isa = PBXSourcesBuildPhase;
			buildActionMask = 2147483647;
			files = (
				9007897919B350320073A1A9 /* Konto.swift in Sources */,
				9007895C19B34F610073A1A9 /* ViewController.swift in Sources */,
				9007895A19B34F610073A1A9 /* AppDelegate.swift in Sources */,
			);
			runOnlyForDeploymentPostprocessing = 0;
		};
		9007896219B34F610073A1A9 /* Sources */ = {
			isa = PBXSourcesBuildPhase;
			buildActionMask = 2147483647;
			files = (
				9007896D19B34F610073A1A9 /* AccessControlBspTests.swift in Sources */,
			);
			runOnlyForDeploymentPostprocessing = 0;
		};
/* End PBXSourcesBuildPhase section */

/* Begin PBXTargetDependency section */
		9007896819B34F610073A1A9 /* PBXTargetDependency */ = {
			isa = PBXTargetDependency;
			target = 9007895319B34F610073A1A9 /* AccessControlBsp */;
			targetProxy = 9007896719B34F610073A1A9 /* PBXContainerItemProxy */;
		};
/* End PBXTargetDependency section */

/* Begin PBXVariantGroup section */
		9007895D19B34F610073A1A9 /* Main.storyboard */ = {
			isa = PBXVariantGroup;
			children = (
				9007895E19B34F610073A1A9 /* Base */,
			);
			name = Main.storyboard;
			sourceTree = "<group>";
		};
/* End PBXVariantGroup section */

/* Begin XCBuildConfiguration section */
		9007896E19B34F610073A1A9 /* Debug */ = {
			isa = XCBuildConfiguration;
			buildSettings = {
				ALWAYS_SEARCH_USER_PATHS = NO;
				CLANG_CXX_LANGUAGE_STANDARD = "gnu++0x";
				CLANG_CXX_LIBRARY = "libc++";
				CLANG_ENABLE_MODULES = YES;
				CLANG_ENABLE_OBJC_ARC = YES;
				CLANG_WARN_BOOL_CONVERSION = YES;
				CLANG_WARN_CONSTANT_CONVERSION = YES;
				CLANG_WARN_DIRECT_OBJC_ISA_USAGE = YES_ERROR;
				CLANG_WARN_EMPTY_BODY = YES;
				CLANG_WARN_ENUM_CONVERSION = YES;
				CLANG_WARN_INT_CONVERSION = YES;
				CLANG_WARN_OBJC_ROOT_CLASS = YES_ERROR;
				CLANG_WARN_UNREACHABLE_CODE = YES;
				CLANG_WARN__DUPLICATE_METHOD_MATCH = YES;
				"CODE_SIGN_IDENTITY[sdk=iphoneos*]" = "iPhone Developer";
				COPY_PHASE_STRIP = NO;
				ENABLE_STRICT_OBJC_MSGSEND = YES;
				ENABLE_TESTABILITY = YES;
				GCC_C_LANGUAGE_STANDARD = gnu99;
				GCC_DYNAMIC_NO_PIC = NO;
				GCC_NO_COMMON_BLOCKS = YES;
				GCC_OPTIMIZATION_LEVEL = 0;
				GCC_PREPROCESSOR_DEFINITIONS = (
					"DEBUG=1",
					"$(inherited)",
				);
				GCC_SYMBOLS_PRIVATE_EXTERN = NO;
				GCC_WARN_64_TO_32_BIT_CONVERSION = YES;
				GCC_WARN_ABOUT_RETURN_TYPE = YES_ERROR;
				GCC_WARN_UNDECLARED_SELECTOR = YES;
				GCC_WARN_UNINITIALIZED_AUTOS = YES_AGGRESSIVE;
				GCC_WARN_UNUSED_FUNCTION = YES;
				GCC_WARN_UNUSED_VARIABLE = YES;
				IPHONEOS_DEPLOYMENT_TARGET = 8.0;
				MTL_ENABLE_DEBUG_INFO = YES;
				ONLY_ACTIVE_ARCH = YES;
				SDKROOT = iphoneos;
				SWIFT_OPTIMIZATION_LEVEL = "-Onone";
			};
			name = Debug;
		};
		9007896F19B34F610073A1A9 /* Release */ = {
			isa = XCBuildConfiguration;
			buildSettings = {
				ALWAYS_SEARCH_USER_PATHS = NO;
				CLANG_CXX_LANGUAGE_STANDARD = "gnu++0x";
				CLANG_CXX_LIBRARY = "libc++";
				CLANG_ENABLE_MODULES = YES;
				CLANG_ENABLE_OBJC_ARC = YES;
				CLANG_WARN_BOOL_CONVERSION = YES;
				CLANG_WARN_CONSTANT_CONVERSION = YES;
				CLANG_WARN_DIRECT_OBJC_ISA_USAGE = YES_ERROR;
				CLANG_WARN_EMPTY_BODY = YES;
				CLANG_WARN_ENUM_CONVERSION = YES;
				CLANG_WARN_INT_CONVERSION = YES;
				CLANG_WARN_OBJC_ROOT_CLASS = YES_ERROR;
				CLANG_WARN_UNREACHABLE_CODE = YES;
				CLANG_WARN__DUPLICATE_METHOD_MATCH = YES;
				"CODE_SIGN_IDENTITY[sdk=iphoneos*]" = "iPhone Developer";
				COPY_PHASE_STRIP = YES;
				ENABLE_NS_ASSERTIONS = NO;
				ENABLE_STRICT_OBJC_MSGSEND = YES;
				GCC_C_LANGUAGE_STANDARD = gnu99;
				GCC_NO_COMMON_BLOCKS = YES;
				GCC_WARN_64_TO_32_BIT_CONVERSION = YES;
				GCC_WARN_ABOUT_RETURN_TYPE = YES_ERROR;
				GCC_WARN_UNDECLARED_SELECTOR = YES;
				GCC_WARN_UNINITIALIZED_AUTOS = YES_AGGRESSIVE;
				GCC_WARN_UNUSED_FUNCTION = YES;
				GCC_WARN_UNUSED_VARIABLE = YES;
				IPHONEOS_DEPLOYMENT_TARGET = 8.0;
				MTL_ENABLE_DEBUG_INFO = NO;
				SDKROOT = iphoneos;
				VALIDATE_PRODUCT = YES;
			};
			name = Release;
		};
		9007897119B34F610073A1A9 /* Debug */ = {
			isa = XCBuildConfiguration;
			buildSettings = {
				ASSETCATALOG_COMPILER_APPICON_NAME = AppIcon;
				ASSETCATALOG_COMPILER_LAUNCHIMAGE_NAME = LaunchImage;
				INFOPLIST_FILE = AccessControlBsp/Info.plist;
				LD_RUNPATH_SEARCH_PATHS = "$(inherited) @executable_path/Frameworks";
				PRODUCT_BUNDLE_IDENTIFIER = "christian.bleske.$(PRODUCT_NAME:rfc1034identifier)";
				PRODUCT_NAME = "$(TARGET_NAME)";
				SWIFT_VERSION = 3.0;
			};
			name = Debug;
		};
		9007897219B34F610073A1A9 /* Release */ = {
			isa = XCBuildConfiguration;
			buildSettings = {
				ASSETCATALOG_COMPILER_APPICON_NAME = AppIcon;
				ASSETCATALOG_COMPILER_LAUNCHIMAGE_NAME = LaunchImage;
				INFOPLIST_FILE = AccessControlBsp/Info.plist;
				LD_RUNPATH_SEARCH_PATHS = "$(inherited) @executable_path/Frameworks";
				PRODUCT_BUNDLE_IDENTIFIER = "christian.bleske.$(PRODUCT_NAME:rfc1034identifier)";
				PRODUCT_NAME = "$(TARGET_NAME)";
				SWIFT_OPTIMIZATION_LEVEL = "-Owholemodule";
				SWIFT_VERSION = 3.0;
			};
			name = Release;
		};
		9007897419B34F610073A1A9 /* Debug */ = {
			isa = XCBuildConfiguration;
			buildSettings = {
				BUNDLE_LOADER = "$(TEST_HOST)";
				GCC_PREPROCESSOR_DEFINITIONS = (
					"DEBUG=1",
					"$(inherited)",
				);
				INFOPLIST_FILE = AccessControlBspTests/Info.plist;
				LD_RUNPATH_SEARCH_PATHS = "$(inherited) @executable_path/Frameworks @loader_path/Frameworks";
				PRODUCT_BUNDLE_IDENTIFIER = "christian.bleske.$(PRODUCT_NAME:rfc1034identifier)";
				PRODUCT_NAME = "$(TARGET_NAME)";
				SWIFT_VERSION = 3.0;
				TEST_HOST = "$(BUILT_PRODUCTS_DIR)/AccessControlBsp.app/AccessControlBsp";
			};
			name = Debug;
		};
		9007897519B34F610073A1A9 /* Release */ = {
			isa = XCBuildConfiguration;
			buildSettings = {
				BUNDLE_LOADER = "$(TEST_HOST)";
				INFOPLIST_FILE = AccessControlBspTests/Info.plist;
				LD_RUNPATH_SEARCH_PATHS = "$(inherited) @executable_path/Frameworks @loader_path/Frameworks";
				PRODUCT_BUNDLE_IDENTIFIER = "christian.bleske.$(PRODUCT_NAME:rfc1034identifier)";
				PRODUCT_NAME = "$(TARGET_NAME)";
				SWIFT_OPTIMIZATION_LEVEL = "-Owholemodule";
				SWIFT_VERSION = 3.0;
				TEST_HOST = "$(BUILT_PRODUCTS_DIR)/AccessControlBsp.app/AccessControlBsp";
			};
			name = Release;
		};
/* End XCBuildConfiguration section */

/* Begin XCConfigurationList section */
		9007894F19B34F610073A1A9 /* Build configuration list for PBXProject "AccessControlBsp" */ = {
			isa = XCConfigurationList;
			buildConfigurations = (
				9007896E19B34F610073A1A9 /* Debug */,
				9007896F19B34F610073A1A9 /* Release */,
			);
			defaultConfigurationIsVisible = 0;
			defaultConfigurationName = Release;
		};
		9007897019B34F610073A1A9 /* Build configuration list for PBXNativeTarget "AccessControlBsp" */ = {
			isa = XCConfigurationList;
			buildConfigurations = (
				9007897119B34F610073A1A9 /* Debug */,
				9007897219B34F610073A1A9 /* Release */,
			);
			defaultConfigurationIsVisible = 0;
			defaultConfigurationName = Release;
		};
		9007897319B34F610073A1A9 /* Build configuration list for PBXNativeTarget "AccessControlBspTests" */ = {
			isa = XCConfigurationList;
			buildConfigurations = (
				9007897419B34F610073A1A9 /* Debug */,
				9007897519B34F610073A1A9 /* Release */,
			);
			defaultConfigurationIsVisible = 0;
			defaultConfigurationName = Release;
		};
/* End XCConfigurationList section */
	};
	rootObject = 9007894C19B34F610073A1A9 /* Project object */;
}
